
Microsoft Visual Studio Solution File, Format Version 12.00
# Visual Studio Version 17
VisualStudioVersion = 17.5.33414.496
MinimumVisualStudioVersion = 10.0.40219.1
Project("{9A19103F-16F7-4668-BE54-9A1E7A4F7556}") = "Cinema", "Cinema\Cinema.csproj", "{8ED124D9-97BA-4596-9088-D44B195DBD03}"
EndProject
Project("{9A19103F-16F7-4668-BE54-9A1E7A4F7556}") = "Core", "Core\Core.csproj", "{F74ADD21-4218-4C21-AE28-41497E02850E}"
EndProject
Project("{9A19103F-16F7-4668-BE54-9A1E7A4F7556}") = "Service", "Service\Service.csproj", "{5F5CF055-B165-4E33-B849-BCB407F2A7B9}"
EndProject
Project("{FAE04EC0-301F-11D3-BF4B-00C04F79EFBC}") = "Infrastructure", "Infrastructure\Infrastructure.csproj", "{63305FF6-F51F-4E03-B9D5-C9035B0939BD}"
EndProject
Global
	GlobalSection(SolutionConfigurationPlatforms) = preSolution
		Debug|Any CPU = Debug|Any CPU
		Release|Any CPU = Release|Any CPU
	EndGlobalSection
	GlobalSection(ProjectConfigurationPlatforms) = postSolution
		{8ED124D9-97BA-4596-9088-D44B195DBD03}.Debug|Any CPU.ActiveCfg = Debug|Any CPU
		{8ED124D9-97BA-4596-9088-D44B195DBD03}.Debug|Any CPU.Build.0 = Debug|Any CPU
		{8ED124D9-97BA-4596-9088-D44B195DBD03}.Release|Any CPU.ActiveCfg = Release|Any CPU
		{8ED124D9-97BA-4596-9088-D44B195DBD03}.Release|Any CPU.Build.0 = Release|Any CPU
		{F74ADD21-4218-4C21-AE28-41497E02850E}.Debug|Any CPU.ActiveCfg = Debug|Any CPU
		{F74ADD21-4218-4C21-AE28-41497E02850E}.Debug|Any CPU.Build.0 = Debug|Any CPU
		{F74ADD21-4218-4C21-AE28-41497E02850E}.Release|Any CPU.ActiveCfg = Release|Any CPU
		{F74ADD21-4218-4C21-AE28-41497E02850E}.Release|Any CPU.Build.0 = Release|Any CPU
		{5F5CF055-B165-4E33-B849-BCB407F2A7B9}.Debug|Any CPU.ActiveCfg = Debug|Any CPU
		{5F5CF055-B165-4E33-B849-BCB407F2A7B9}.Debug|Any CPU.Build.0 = Debug|Any CPU
		{5F5CF055-B165-4E33-B849-BCB407F2A7B9}.Release|Any CPU.ActiveCfg = Release|Any CPU
		{5F5CF055-B165-4E33-B849-BCB407F2A7B9}.Release|Any CPU.Build.0 = Release|Any CPU
		{63305FF6-F51F-4E03-B9D5-C9035B0939BD}.Debug|Any CPU.ActiveCfg = Debug|Any CPU
		{63305FF6-F51F-4E03-B9D5-C9035B0939BD}.Debug|Any CPU.Build.0 = Debug|Any CPU
		{63305FF6-F51F-4E03-B9D5-C9035B0939BD}.Release|Any CPU.ActiveCfg = Release|Any CPU
		{63305FF6-F51F-4E03-B9D5-C9035B0939BD}.Release|Any CPU.Build.0 = Release|Any CPU
	EndGlobalSection
	GlobalSection(SolutionProperties) = preSolution
		HideSolutionNode = FALSE
	EndGlobalSection
	GlobalSection(ExtensibilityGlobals) = postSolution
		SolutionGuid = {58615408-2690-4991-A25B-4056E3F1588B}
	EndGlobalSection
EndGlobal
